
Microsoft Visual Studio Solution File, Format Version 12.00
# Visual Studio Version 17
VisualStudioVersion = 17.1.32319.34
MinimumVisualStudioVersion = 10.0.40219.1
Project("{9A19103F-16F7-4668-BE54-9A1E7A4F7556}") = "API", "API\API.csproj", "{E57514DA-5BEA-44C4-8868-E95ADD1BC20B}"
EndProject
Global
	GlobalSection(SolutionConfigurationPlatforms) = preSolution
		Debug|Any CPU = Debug|Any CPU
		Release|Any CPU = Release|Any CPU
	EndGlobalSection
	GlobalSection(ProjectConfigurationPlatforms) = postSolution
		{E57514DA-5BEA-44C4-8868-E95ADD1BC20B}.Debug|Any CPU.ActiveCfg = Debug|Any CPU
		{E57514DA-5BEA-44C4-8868-E95ADD1BC20B}.Debug|Any CPU.Build.0 = Debug|Any CPU
		{E57514DA-5BEA-44C4-8868-E95ADD1BC20B}.Release|Any CPU.ActiveCfg = Release|Any CPU
		{E57514DA-5BEA-44C4-8868-E95ADD1BC20B}.Release|Any CPU.Build.0 = Release|Any CPU
	EndGlobalSection
	GlobalSection(SolutionProperties) = preSolution
		HideSolutionNode = FALSE
	EndGlobalSection
	GlobalSection(ExtensibilityGlobals) = postSolution
		SolutionGuid = {36DD5AAE-7C4C-4375-802F-83B80B8C3056}
	EndGlobalSection
EndGlobal
